
Microsoft Visual Studio Solution File, Format Version 12.00
# Visual Studio Version 17
VisualStudioVersion = 17.3.32804.467
MinimumVisualStudioVersion = 10.0.40219.1
Project("{FAE04EC0-301F-11D3-BF4B-00C04F79EFBC}") = "WebAPI", "WebAPI\WebAPI.csproj", "{D7687811-5300-495C-88C6-E119FEBED890}"
EndProject
Project("{FAE04EC0-301F-11D3-BF4B-00C04F79EFBC}") = "Domain", "Domain\Domain.csproj", "{C86DF03A-D743-41FA-AAC3-7578B2F93647}"
EndProject
Project("{FAE04EC0-301F-11D3-BF4B-00C04F79EFBC}") = "Infrastructure", "Infrastructure\Infrastructure.csproj", "{1FD2D85A-1C49-45F6-A33F-1F9471B63A14}"
EndProject
Project("{FAE04EC0-301F-11D3-BF4B-00C04F79EFBC}") = "Application", "Application\Application.csproj", "{686C72F6-5543-4438-9893-4D5E63A064CE}"
EndProject
Global
	GlobalSection(SolutionConfigurationPlatforms) = preSolution
		Debug|Any CPU = Debug|Any CPU
		Release|Any CPU = Release|Any CPU
	EndGlobalSection
	GlobalSection(ProjectConfigurationPlatforms) = postSolution
		{D7687811-5300-495C-88C6-E119FEBED890}.Debug|Any CPU.ActiveCfg = Debug|Any CPU
		{D7687811-5300-495C-88C6-E119FEBED890}.Debug|Any CPU.Build.0 = Debug|Any CPU
		{D7687811-5300-495C-88C6-E119FEBED890}.Release|Any CPU.ActiveCfg = Release|Any CPU
		{D7687811-5300-495C-88C6-E119FEBED890}.Release|Any CPU.Build.0 = Release|Any CPU
		{C86DF03A-D743-41FA-AAC3-7578B2F93647}.Debug|Any CPU.ActiveCfg = Debug|Any CPU
		{C86DF03A-D743-41FA-AAC3-7578B2F93647}.Debug|Any CPU.Build.0 = Debug|Any CPU
		{C86DF03A-D743-41FA-AAC3-7578B2F93647}.Release|Any CPU.ActiveCfg = Release|Any CPU
		{C86DF03A-D743-41FA-AAC3-7578B2F93647}.Release|Any CPU.Build.0 = Release|Any CPU
		{1FD2D85A-1C49-45F6-A33F-1F9471B63A14}.Debug|Any CPU.ActiveCfg = Debug|Any CPU
		{1FD2D85A-1C49-45F6-A33F-1F9471B63A14}.Debug|Any CPU.Build.0 = Debug|Any CPU
		{1FD2D85A-1C49-45F6-A33F-1F9471B63A14}.Release|Any CPU.ActiveCfg = Release|Any CPU
		{1FD2D85A-1C49-45F6-A33F-1F9471B63A14}.Release|Any CPU.Build.0 = Release|Any CPU
		{686C72F6-5543-4438-9893-4D5E63A064CE}.Debug|Any CPU.ActiveCfg = Debug|Any CPU
		{686C72F6-5543-4438-9893-4D5E63A064CE}.Debug|Any CPU.Build.0 = Debug|Any CPU
		{686C72F6-5543-4438-9893-4D5E63A064CE}.Release|Any CPU.ActiveCfg = Release|Any CPU
		{686C72F6-5543-4438-9893-4D5E63A064CE}.Release|Any CPU.Build.0 = Release|Any CPU
	EndGlobalSection
	GlobalSection(SolutionProperties) = preSolution
		HideSolutionNode = FALSE
	EndGlobalSection
	GlobalSection(ExtensibilityGlobals) = postSolution
		SolutionGuid = {E2EA281F-1A48-4EBF-B9A6-460525C6A847}
	EndGlobalSection
EndGlobal
